
Microsoft Visual Studio Solution File, Format Version 12.00
# Visual Studio Version 17
VisualStudioVersion = 17.11.35312.102
MinimumVisualStudioVersion = 10.0.40219.1
Project("{FAE04EC0-301F-11D3-BF4B-00C04F79EFBC}") = "question 1", "question 1.csproj", "{89586BC7-2496-46A7-B87E-6EF868CC03EA}"
EndProject
Global
	GlobalSection(SolutionConfigurationPlatforms) = preSolution
		Debug|Any CPU = Debug|Any CPU
		Release|Any CPU = Release|Any CPU
	EndGlobalSection
	GlobalSection(ProjectConfigurationPlatforms) = postSolution
		{89586BC7-2496-46A7-B87E-6EF868CC03EA}.Debug|Any CPU.ActiveCfg = Debug|Any CPU
		{89586BC7-2496-46A7-B87E-6EF868CC03EA}.Debug|Any CPU.Build.0 = Debug|Any CPU
		{89586BC7-2496-46A7-B87E-6EF868CC03EA}.Release|Any CPU.ActiveCfg = Release|Any CPU
		{89586BC7-2496-46A7-B87E-6EF868CC03EA}.Release|Any CPU.Build.0 = Release|Any CPU
	EndGlobalSection
	GlobalSection(SolutionProperties) = preSolution
		HideSolutionNode = FALSE
	EndGlobalSection
	GlobalSection(ExtensibilityGlobals) = postSolution
		SolutionGuid = {D07FDC6E-5D25-4542-B252-9D8034F1AEFE}
	EndGlobalSection
EndGlobal
